
Microsoft Visual Studio Solution File, Format Version 12.00
# Visual Studio Version 16
VisualStudioVersion = 16.0.29609.76
MinimumVisualStudioVersion = 10.0.40219.1
Project("{9A19103F-16F7-4668-BE54-9A1E7A4F7556}") = "WebScrape.Console", "WebScrape.Console\WebScrape.Console.csproj", "{50B0893E-3F8A-4D05-9D70-08BA386C5942}"
EndProject
Global
	GlobalSection(SolutionConfigurationPlatforms) = preSolution
		Debug|Any CPU = Debug|Any CPU
		Release|Any CPU = Release|Any CPU
	EndGlobalSection
	GlobalSection(ProjectConfigurationPlatforms) = postSolution
		{50B0893E-3F8A-4D05-9D70-08BA386C5942}.Debug|Any CPU.ActiveCfg = Debug|Any CPU
		{50B0893E-3F8A-4D05-9D70-08BA386C5942}.Debug|Any CPU.Build.0 = Debug|Any CPU
		{50B0893E-3F8A-4D05-9D70-08BA386C5942}.Release|Any CPU.ActiveCfg = Release|Any CPU
		{50B0893E-3F8A-4D05-9D70-08BA386C5942}.Release|Any CPU.Build.0 = Release|Any CPU
	EndGlobalSection
	GlobalSection(SolutionProperties) = preSolution
		HideSolutionNode = FALSE
	EndGlobalSection
	GlobalSection(ExtensibilityGlobals) = postSolution
		SolutionGuid = {B1ADFA02-1886-4B22-B36E-3FA9001D5544}
	EndGlobalSection
EndGlobal
